
Microsoft Visual Studio Solution File, Format Version 12.00
# Visual Studio 15
VisualStudioVersion = 15.0.27130.2036
MinimumVisualStudioVersion = 10.0.40219.1
Project("{FAE04EC0-301F-11D3-BF4B-00C04F79EFBC}") = "SmokeTest", "SmokeTest\SmokeTest.csproj", "{CF3DA41D-ED6E-43A3-B907-222FF21116B4}"
EndProject
Project("{FAE04EC0-301F-11D3-BF4B-00C04F79EFBC}") = "SmokeTest.Tests.Integration", "SmokeTest.Tests.Integration\SmokeTest.Tests.Integration.csproj", "{6238321A-5C0A-4E79-B5D1-F6D0FF6D850C}"
EndProject
Global
	GlobalSection(SolutionConfigurationPlatforms) = preSolution
		Debug|Any CPU = Debug|Any CPU
		Release|Any CPU = Release|Any CPU
	EndGlobalSection
	GlobalSection(ProjectConfigurationPlatforms) = postSolution
		{CF3DA41D-ED6E-43A3-B907-222FF21116B4}.Debug|Any CPU.ActiveCfg = Debug|Any CPU
		{CF3DA41D-ED6E-43A3-B907-222FF21116B4}.Debug|Any CPU.Build.0 = Debug|Any CPU
		{CF3DA41D-ED6E-43A3-B907-222FF21116B4}.Release|Any CPU.ActiveCfg = Release|Any CPU
		{CF3DA41D-ED6E-43A3-B907-222FF21116B4}.Release|Any CPU.Build.0 = Release|Any CPU
		{6238321A-5C0A-4E79-B5D1-F6D0FF6D850C}.Debug|Any CPU.ActiveCfg = Debug|Any CPU
		{6238321A-5C0A-4E79-B5D1-F6D0FF6D850C}.Debug|Any CPU.Build.0 = Debug|Any CPU
		{6238321A-5C0A-4E79-B5D1-F6D0FF6D850C}.Release|Any CPU.ActiveCfg = Release|Any CPU
		{6238321A-5C0A-4E79-B5D1-F6D0FF6D850C}.Release|Any CPU.Build.0 = Release|Any CPU
	EndGlobalSection
	GlobalSection(SolutionProperties) = preSolution
		HideSolutionNode = FALSE
	EndGlobalSection
	GlobalSection(ExtensibilityGlobals) = postSolution
		SolutionGuid = {0E6D5F86-4B43-4472-986D-E609F91A4FA2}
	EndGlobalSection
EndGlobal
